
Microsoft Visual Studio Solution File, Format Version 12.00
# Visual Studio 15
VisualStudioVersion = 15.0.26124.0
MinimumVisualStudioVersion = 15.0.26124.0
Project("{FAE04EC0-301F-11D3-BF4B-00C04F79EFBC}") = "ProAgil.Api", "ProAgil.Api\ProAgil.Api.csproj", "{838B67D5-5277-479A-AE44-C2A8E307E547}"
EndProject
Project("{FAE04EC0-301F-11D3-BF4B-00C04F79EFBC}") = "ProAgil.Repository", "ProAgil.Repository\ProAgil.Repository.csproj", "{C1ABE974-F116-40A0-86DA-EB87702098E2}"
EndProject
Project("{FAE04EC0-301F-11D3-BF4B-00C04F79EFBC}") = "ProAgil.Domain", "ProAgil.Domain\ProAgil.Domain.csproj", "{08556924-E9F4-4184-AFD6-77ADD09D0C8F}"
EndProject
Global
	GlobalSection(SolutionConfigurationPlatforms) = preSolution
		Debug|Any CPU = Debug|Any CPU
		Debug|x64 = Debug|x64
		Debug|x86 = Debug|x86
		Release|Any CPU = Release|Any CPU
		Release|x64 = Release|x64
		Release|x86 = Release|x86
	EndGlobalSection
	GlobalSection(SolutionProperties) = preSolution
		HideSolutionNode = FALSE
	EndGlobalSection
	GlobalSection(ProjectConfigurationPlatforms) = postSolution
		{838B67D5-5277-479A-AE44-C2A8E307E547}.Debug|Any CPU.ActiveCfg = Debug|Any CPU
		{838B67D5-5277-479A-AE44-C2A8E307E547}.Debug|Any CPU.Build.0 = Debug|Any CPU
		{838B67D5-5277-479A-AE44-C2A8E307E547}.Debug|x64.ActiveCfg = Debug|Any CPU
		{838B67D5-5277-479A-AE44-C2A8E307E547}.Debug|x64.Build.0 = Debug|Any CPU
		{838B67D5-5277-479A-AE44-C2A8E307E547}.Debug|x86.ActiveCfg = Debug|Any CPU
		{838B67D5-5277-479A-AE44-C2A8E307E547}.Debug|x86.Build.0 = Debug|Any CPU
		{838B67D5-5277-479A-AE44-C2A8E307E547}.Release|Any CPU.ActiveCfg = Release|Any CPU
		{838B67D5-5277-479A-AE44-C2A8E307E547}.Release|Any CPU.Build.0 = Release|Any CPU
		{838B67D5-5277-479A-AE44-C2A8E307E547}.Release|x64.ActiveCfg = Release|Any CPU
		{838B67D5-5277-479A-AE44-C2A8E307E547}.Release|x64.Build.0 = Release|Any CPU
		{838B67D5-5277-479A-AE44-C2A8E307E547}.Release|x86.ActiveCfg = Release|Any CPU
		{838B67D5-5277-479A-AE44-C2A8E307E547}.Release|x86.Build.0 = Release|Any CPU
		{C1ABE974-F116-40A0-86DA-EB87702098E2}.Debug|Any CPU.ActiveCfg = Debug|Any CPU
		{C1ABE974-F116-40A0-86DA-EB87702098E2}.Debug|Any CPU.Build.0 = Debug|Any CPU
		{C1ABE974-F116-40A0-86DA-EB87702098E2}.Debug|x64.ActiveCfg = Debug|Any CPU
		{C1ABE974-F116-40A0-86DA-EB87702098E2}.Debug|x64.Build.0 = Debug|Any CPU
		{C1ABE974-F116-40A0-86DA-EB87702098E2}.Debug|x86.ActiveCfg = Debug|Any CPU
		{C1ABE974-F116-40A0-86DA-EB87702098E2}.Debug|x86.Build.0 = Debug|Any CPU
		{C1ABE974-F116-40A0-86DA-EB87702098E2}.Release|Any CPU.ActiveCfg = Release|Any CPU
		{C1ABE974-F116-40A0-86DA-EB87702098E2}.Release|Any CPU.Build.0 = Release|Any CPU
		{C1ABE974-F116-40A0-86DA-EB87702098E2}.Release|x64.ActiveCfg = Release|Any CPU
		{C1ABE974-F116-40A0-86DA-EB87702098E2}.Release|x64.Build.0 = Release|Any CPU
		{C1ABE974-F116-40A0-86DA-EB87702098E2}.Release|x86.ActiveCfg = Release|Any CPU
		{C1ABE974-F116-40A0-86DA-EB87702098E2}.Release|x86.Build.0 = Release|Any CPU
		{08556924-E9F4-4184-AFD6-77ADD09D0C8F}.Debug|Any CPU.ActiveCfg = Debug|Any CPU
		{08556924-E9F4-4184-AFD6-77ADD09D0C8F}.Debug|Any CPU.Build.0 = Debug|Any CPU
		{08556924-E9F4-4184-AFD6-77ADD09D0C8F}.Debug|x64.ActiveCfg = Debug|Any CPU
		{08556924-E9F4-4184-AFD6-77ADD09D0C8F}.Debug|x64.Build.0 = Debug|Any CPU
		{08556924-E9F4-4184-AFD6-77ADD09D0C8F}.Debug|x86.ActiveCfg = Debug|Any CPU
		{08556924-E9F4-4184-AFD6-77ADD09D0C8F}.Debug|x86.Build.0 = Debug|Any CPU
		{08556924-E9F4-4184-AFD6-77ADD09D0C8F}.Release|Any CPU.ActiveCfg = Release|Any CPU
		{08556924-E9F4-4184-AFD6-77ADD09D0C8F}.Release|Any CPU.Build.0 = Release|Any CPU
		{08556924-E9F4-4184-AFD6-77ADD09D0C8F}.Release|x64.ActiveCfg = Release|Any CPU
		{08556924-E9F4-4184-AFD6-77ADD09D0C8F}.Release|x64.Build.0 = Release|Any CPU
		{08556924-E9F4-4184-AFD6-77ADD09D0C8F}.Release|x86.ActiveCfg = Release|Any CPU
		{08556924-E9F4-4184-AFD6-77ADD09D0C8F}.Release|x86.Build.0 = Release|Any CPU
	EndGlobalSection
EndGlobal
